
Microsoft Visual Studio Solution File, Format Version 12.00
# Visual Studio Version 17
VisualStudioVersion = 17.10.35027.167
MinimumVisualStudioVersion = 10.0.40219.1
Project("{9A19103F-16F7-4668-BE54-9A1E7A4F7556}") = "Chess", "Chess.csproj", "{FBF37FE4-8EA9-4899-AC70-CD6881C2700B}"
EndProject
Global
	GlobalSection(SolutionConfigurationPlatforms) = preSolution
		Debug|Any CPU = Debug|Any CPU
		ExportDebug|Any CPU = ExportDebug|Any CPU
		ExportRelease|Any CPU = ExportRelease|Any CPU
	EndGlobalSection
	GlobalSection(ProjectConfigurationPlatforms) = postSolution
		{FBF37FE4-8EA9-4899-AC70-CD6881C2700B}.Debug|Any CPU.ActiveCfg = Debug|Any CPU
		{FBF37FE4-8EA9-4899-AC70-CD6881C2700B}.Debug|Any CPU.Build.0 = Debug|Any CPU
		{FBF37FE4-8EA9-4899-AC70-CD6881C2700B}.ExportDebug|Any CPU.ActiveCfg = ExportDebug|Any CPU
		{FBF37FE4-8EA9-4899-AC70-CD6881C2700B}.ExportDebug|Any CPU.Build.0 = ExportDebug|Any CPU
		{FBF37FE4-8EA9-4899-AC70-CD6881C2700B}.ExportRelease|Any CPU.ActiveCfg = ExportRelease|Any CPU
		{FBF37FE4-8EA9-4899-AC70-CD6881C2700B}.ExportRelease|Any CPU.Build.0 = ExportRelease|Any CPU
	EndGlobalSection
	GlobalSection(SolutionProperties) = preSolution
		HideSolutionNode = FALSE
	EndGlobalSection
EndGlobal
